// !$*UTF8*$!
{
	archiveVersion = 1;
	classes = {
	};
	objectVersion = 50;
	objects = {

/* Begin PBXBuildFile section */
		95EADD499C644CAFFAC95064 /* libPods-myContacts.a in Frameworks */ = {isa = PBXBuildFile; fileRef = 8FB0F2A913A6CD718EC7B865 /* libPods-myContacts.a */; };
		F71CE4F624D491B40054EC64 /* ContactStoreManager.swift in Sources */ = {isa = PBXBuildFile; fileRef = F71CE4F524D491B40054EC64 /* ContactStoreManager.swift */; };
		F71CE4F924D492C00054EC64 /* Alert.swift in Sources */ = {isa = PBXBuildFile; fileRef = F71CE4F724D492C00054EC64 /* Alert.swift */; };
		F71CE4FA24D492C00054EC64 /* KeyboardLayoutConstraint.swift in Sources */ = {isa = PBXBuildFile; fileRef = F71CE4F824D492C00054EC64 /* KeyboardLayoutConstraint.swift */; };
		F71CE4FC24D499590054EC64 /* ContactsViewController+SearchBarDelegate.swift in Sources */ = {isa = PBXBuildFile; fileRef = F71CE4FB24D499590054EC64 /* ContactsViewController+SearchBarDelegate.swift */; };
		F759207824D623F600153395 /* DataBaseManager.swift in Sources */ = {isa = PBXBuildFile; fileRef = F759207724D623F600153395 /* DataBaseManager.swift */; };
		F7B661FD24DC521F000C2EB8 /* ContactsDataSource.swift in Sources */ = {isa = PBXBuildFile; fileRef = F7B661FC24DC521F000C2EB8 /* ContactsDataSource.swift */; };
		F7B6620024DC585B000C2EB8 /* ContactCell.swift in Sources */ = {isa = PBXBuildFile; fileRef = F7B661FF24DC585B000C2EB8 /* ContactCell.swift */; };
		F7D4F3AE24D0788500C4DF99 /* AppDelegate.swift in Sources */ = {isa = PBXBuildFile; fileRef = F7D4F3AD24D0788500C4DF99 /* AppDelegate.swift */; };
		F7D4F3B024D0788500C4DF99 /* SceneDelegate.swift in Sources */ = {isa = PBXBuildFile; fileRef = F7D4F3AF24D0788500C4DF99 /* SceneDelegate.swift */; };
		F7D4F3B224D0788500C4DF99 /* ContactsViewController.swift in Sources */ = {isa = PBXBuildFile; fileRef = F7D4F3B124D0788500C4DF99 /* ContactsViewController.swift */; };
		F7D4F3B524D0788500C4DF99 /* Main.storyboard in Resources */ = {isa = PBXBuildFile; fileRef = F7D4F3B324D0788500C4DF99 /* Main.storyboard */; };
		F7D4F3B724D0788700C4DF99 /* Assets.xcassets in Resources */ = {isa = PBXBuildFile; fileRef = F7D4F3B624D0788700C4DF99 /* Assets.xcassets */; };
		F7D4F3BA24D0788700C4DF99 /* LaunchScreen.storyboard in Resources */ = {isa = PBXBuildFile; fileRef = F7D4F3B824D0788700C4DF99 /* LaunchScreen.storyboard */; };
		F7D4F3CB24D358CE00C4DF99 /* BaseDataSource.swift in Sources */ = {isa = PBXBuildFile; fileRef = F7D4F3CA24D358CE00C4DF99 /* BaseDataSource.swift */; };
		F7D4F3CE24D35A2800C4DF99 /* Contact.swift in Sources */ = {isa = PBXBuildFile; fileRef = F7D4F3CD24D35A2800C4DF99 /* Contact.swift */; };
		F7D4F3D024D35AAB00C4DF99 /* BaseViewController.swift in Sources */ = {isa = PBXBuildFile; fileRef = F7D4F3CF24D35AAB00C4DF99 /* BaseViewController.swift */; };
		F7D4F3D224D35B9200C4DF99 /* UIApplication+TopViewController.swift in Sources */ = {isa = PBXBuildFile; fileRef = F7D4F3D124D35B9200C4DF99 /* UIApplication+TopViewController.swift */; };
		F7D4F3D624D35D4100C4DF99 /* BaseViewController+TextFieldNavigation.swift in Sources */ = {isa = PBXBuildFile; fileRef = F7D4F3D524D35D4100C4DF99 /* BaseViewController+TextFieldNavigation.swift */; };
/* End PBXBuildFile section */

/* Begin PBXFileReference section */
		1459ADFD867B57FF1C45810D /* Pods-myContacts.release.xcconfig */ = {isa = PBXFileReference; includeInIndex = 1; lastKnownFileType = text.xcconfig; name = "Pods-myContacts.release.xcconfig"; path = "Target Support Files/Pods-myContacts/Pods-myContacts.release.xcconfig"; sourceTree = "<group>"; };
		8DA37AE8841C74BD56295556 /* Pods-easy-delete.debug.xcconfig */ = {isa = PBXFileReference; includeInIndex = 1; lastKnownFileType = text.xcconfig; name = "Pods-easy-delete.debug.xcconfig"; path = "Target Support Files/Pods-easy-delete/Pods-easy-delete.debug.xcconfig"; sourceTree = "<group>"; };
		8FB0F2A913A6CD718EC7B865 /* libPods-myContacts.a */ = {isa = PBXFileReference; explicitFileType = archive.ar; includeInIndex = 0; path = "libPods-myContacts.a"; sourceTree = BUILT_PRODUCTS_DIR; };
		A1E715E9578BCD4F517A1D87 /* Pods-easy-delete.release.xcconfig */ = {isa = PBXFileReference; includeInIndex = 1; lastKnownFileType = text.xcconfig; name = "Pods-easy-delete.release.xcconfig"; path = "Target Support Files/Pods-easy-delete/Pods-easy-delete.release.xcconfig"; sourceTree = "<group>"; };
		E176D9CB001DD61C502C94B4 /* Pods-myContacts.debug.xcconfig */ = {isa = PBXFileReference; includeInIndex = 1; lastKnownFileType = text.xcconfig; name = "Pods-myContacts.debug.xcconfig"; path = "Target Support Files/Pods-myContacts/Pods-myContacts.debug.xcconfig"; sourceTree = "<group>"; };
		F71CE4F524D491B40054EC64 /* ContactStoreManager.swift */ = {isa = PBXFileReference; lastKnownFileType = sourcecode.swift; path = ContactStoreManager.swift; sourceTree = "<group>"; };
		F71CE4F724D492C00054EC64 /* Alert.swift */ = {isa = PBXFileReference; fileEncoding = 4; lastKnownFileType = sourcecode.swift; path = Alert.swift; sourceTree = "<group>"; };
		F71CE4F824D492C00054EC64 /* KeyboardLayoutConstraint.swift */ = {isa = PBXFileReference; fileEncoding = 4; lastKnownFileType = sourcecode.swift; path = KeyboardLayoutConstraint.swift; sourceTree = "<group>"; };
		F71CE4FB24D499590054EC64 /* ContactsViewController+SearchBarDelegate.swift */ = {isa = PBXFileReference; lastKnownFileType = sourcecode.swift; path = "ContactsViewController+SearchBarDelegate.swift"; sourceTree = "<group>"; };
		F759207724D623F600153395 /* DataBaseManager.swift */ = {isa = PBXFileReference; lastKnownFileType = sourcecode.swift; path = DataBaseManager.swift; sourceTree = "<group>"; };
		F7B661FC24DC521F000C2EB8 /* ContactsDataSource.swift */ = {isa = PBXFileReference; lastKnownFileType = sourcecode.swift; path = ContactsDataSource.swift; sourceTree = "<group>"; };
		F7B661FF24DC585B000C2EB8 /* ContactCell.swift */ = {isa = PBXFileReference; lastKnownFileType = sourcecode.swift; path = ContactCell.swift; sourceTree = "<group>"; };
		F7D4F3AA24D0788500C4DF99 /* myContacts.app */ = {isa = PBXFileReference; explicitFileType = wrapper.application; includeInIndex = 0; path = myContacts.app; sourceTree = BUILT_PRODUCTS_DIR; };
		F7D4F3AD24D0788500C4DF99 /* AppDelegate.swift */ = {isa = PBXFileReference; lastKnownFileType = sourcecode.swift; path = AppDelegate.swift; sourceTree = "<group>"; };
		F7D4F3AF24D0788500C4DF99 /* SceneDelegate.swift */ = {isa = PBXFileReference; lastKnownFileType = sourcecode.swift; path = SceneDelegate.swift; sourceTree = "<group>"; };
		F7D4F3B124D0788500C4DF99 /* ContactsViewController.swift */ = {isa = PBXFileReference; lastKnownFileType = sourcecode.swift; path = ContactsViewController.swift; sourceTree = "<group>"; };
		F7D4F3B424D0788500C4DF99 /* Base */ = {isa = PBXFileReference; lastKnownFileType = file.storyboard; name = Base; path = Base.lproj/Main.storyboard; sourceTree = "<group>"; };
		F7D4F3B624D0788700C4DF99 /* Assets.xcassets */ = {isa = PBXFileReference; lastKnownFileType = folder.assetcatalog; path = Assets.xcassets; sourceTree = "<group>"; };
		F7D4F3B924D0788700C4DF99 /* Base */ = {isa = PBXFileReference; lastKnownFileType = file.storyboard; name = Base; path = Base.lproj/LaunchScreen.storyboard; sourceTree = "<group>"; };
		F7D4F3BB24D0788700C4DF99 /* Info.plist */ = {isa = PBXFileReference; lastKnownFileType = text.plist.xml; path = Info.plist; sourceTree = "<group>"; };
		F7D4F3CA24D358CE00C4DF99 /* BaseDataSource.swift */ = {isa = PBXFileReference; lastKnownFileType = sourcecode.swift; path = BaseDataSource.swift; sourceTree = "<group>"; };
		F7D4F3CD24D35A2800C4DF99 /* Contact.swift */ = {isa = PBXFileReference; fileEncoding = 4; lastKnownFileType = sourcecode.swift; path = Contact.swift; sourceTree = "<group>"; };
		F7D4F3CF24D35AAB00C4DF99 /* BaseViewController.swift */ = {isa = PBXFileReference; fileEncoding = 4; lastKnownFileType = sourcecode.swift; path = BaseViewController.swift; sourceTree = "<group>"; };
		F7D4F3D124D35B9200C4DF99 /* UIApplication+TopViewController.swift */ = {isa = PBXFileReference; fileEncoding = 4; lastKnownFileType = sourcecode.swift; path = "UIApplication+TopViewController.swift"; sourceTree = "<group>"; };
		F7D4F3D524D35D4100C4DF99 /* BaseViewController+TextFieldNavigation.swift */ = {isa = PBXFileReference; fileEncoding = 4; lastKnownFileType = sourcecode.swift; path = "BaseViewController+TextFieldNavigation.swift"; sourceTree = "<group>"; };
/* End PBXFileReference section */

/* Begin PBXFrameworksBuildPhase section */
		F7D4F3A724D0788500C4DF99 /* Frameworks */ = {
			isa = PBXFrameworksBuildPhase;
			buildActionMask = 2147483647;
			files = (
				95EADD499C644CAFFAC95064 /* libPods-myContacts.a in Frameworks */,
			);
			runOnlyForDeploymentPostprocessing = 0;
		};
/* End PBXFrameworksBuildPhase section */

/* Begin PBXGroup section */
		1DEAD1CE3F4AF51C05626C1A /* Pods */ = {
			isa = PBXGroup;
			children = (
				8DA37AE8841C74BD56295556 /* Pods-easy-delete.debug.xcconfig */,
				A1E715E9578BCD4F517A1D87 /* Pods-easy-delete.release.xcconfig */,
				E176D9CB001DD61C502C94B4 /* Pods-myContacts.debug.xcconfig */,
				1459ADFD867B57FF1C45810D /* Pods-myContacts.release.xcconfig */,
			);
			path = Pods;
			sourceTree = "<group>";
		};
		8BB77ECF3BAF5A943EED8B8E /* Frameworks */ = {
			isa = PBXGroup;
			children = (
				8FB0F2A913A6CD718EC7B865 /* libPods-myContacts.a */,
			);
			name = Frameworks;
			sourceTree = "<group>";
		};
		F71CE4F424D48DFD0054EC64 /* Managers */ = {
			isa = PBXGroup;
			children = (
				F71CE4F524D491B40054EC64 /* ContactStoreManager.swift */,
				F759207724D623F600153395 /* DataBaseManager.swift */,
			);
			path = Managers;
			sourceTree = "<group>";
		};
		F7B661FE24DC5841000C2EB8 /* Views */ = {
			isa = PBXGroup;
			children = (
				F7B6620124DC5862000C2EB8 /* Cells */,
			);
			path = Views;
			sourceTree = "<group>";
		};
		F7B6620124DC5862000C2EB8 /* Cells */ = {
			isa = PBXGroup;
			children = (
				F7B661FF24DC585B000C2EB8 /* ContactCell.swift */,
			);
			path = Cells;
			sourceTree = "<group>";
		};
		F7D4F3A124D0788400C4DF99 = {
			isa = PBXGroup;
			children = (
				8BB77ECF3BAF5A943EED8B8E /* Frameworks */,
				F7D4F3AC24D0788500C4DF99 /* myContacts */,
				1DEAD1CE3F4AF51C05626C1A /* Pods */,
				F7D4F3AB24D0788500C4DF99 /* Products */,
			);
			sourceTree = "<group>";
		};
		F7D4F3AB24D0788500C4DF99 /* Products */ = {
			isa = PBXGroup;
			children = (
				F7D4F3AA24D0788500C4DF99 /* myContacts.app */,
			);
			name = Products;
			sourceTree = "<group>";
		};
		F7D4F3AC24D0788500C4DF99 /* myContacts */ = {
			isa = PBXGroup;
			children = (
				F7D4F3B624D0788700C4DF99 /* Assets.xcassets */,
				F7D4F3C224D357FA00C4DF99 /* Data */,
				F7D4F3C124D2FF9F00C4DF99 /* Delegates */,
				F7D4F3C324D3580700C4DF99 /* Extensions */,
				F7D4F3BB24D0788700C4DF99 /* Info.plist */,
				F7D4F3C824D3587D00C4DF99 /* Services */,
				F7D4F3C624D3584F00C4DF99 /* Storyboard */,
				F7D4F3C424D3580D00C4DF99 /* ViewControllers */,
				F7B661FE24DC5841000C2EB8 /* Views */,
			);
			path = myContacts;
			sourceTree = "<group>";
		};
		F7D4F3C124D2FF9F00C4DF99 /* Delegates */ = {
			isa = PBXGroup;
			children = (
				F7D4F3AD24D0788500C4DF99 /* AppDelegate.swift */,
				F7D4F3AF24D0788500C4DF99 /* SceneDelegate.swift */,
			);
			path = Delegates;
			sourceTree = "<group>";
		};
		F7D4F3C224D357FA00C4DF99 /* Data */ = {
			isa = PBXGroup;
			children = (
				F7D4F3C924D358BE00C4DF99 /* DataSource */,
				F71CE4F424D48DFD0054EC64 /* Managers */,
				F7D4F3CC24D35A0200C4DF99 /* Models */,
			);
			path = Data;
			sourceTree = "<group>";
		};
		F7D4F3C324D3580700C4DF99 /* Extensions */ = {
			isa = PBXGroup;
			children = (
				F7D4F3D524D35D4100C4DF99 /* BaseViewController+TextFieldNavigation.swift */,
				F7D4F3D124D35B9200C4DF99 /* UIApplication+TopViewController.swift */,
				F71CE4FB24D499590054EC64 /* ContactsViewController+SearchBarDelegate.swift */,
			);
			path = Extensions;
			sourceTree = "<group>";
		};
		F7D4F3C424D3580D00C4DF99 /* ViewControllers */ = {
			isa = PBXGroup;
			children = (
				F7D4F3CF24D35AAB00C4DF99 /* BaseViewController.swift */,
				F7D4F3B124D0788500C4DF99 /* ContactsViewController.swift */,
			);
			path = ViewControllers;
			sourceTree = "<group>";
		};
		F7D4F3C624D3584F00C4DF99 /* Storyboard */ = {
			isa = PBXGroup;
			children = (
				F7D4F3B324D0788500C4DF99 /* Main.storyboard */,
				F7D4F3B824D0788700C4DF99 /* LaunchScreen.storyboard */,
			);
			path = Storyboard;
			sourceTree = "<group>";
		};
		F7D4F3C824D3587D00C4DF99 /* Services */ = {
			isa = PBXGroup;
			children = (
				F71CE4F724D492C00054EC64 /* Alert.swift */,
				F71CE4F824D492C00054EC64 /* KeyboardLayoutConstraint.swift */,
			);
			path = Services;
			sourceTree = "<group>";
		};
		F7D4F3C924D358BE00C4DF99 /* DataSource */ = {
			isa = PBXGroup;
			children = (
				F7D4F3CA24D358CE00C4DF99 /* BaseDataSource.swift */,
				F7B661FC24DC521F000C2EB8 /* ContactsDataSource.swift */,
			);
			path = DataSource;
			sourceTree = "<group>";
		};
		F7D4F3CC24D35A0200C4DF99 /* Models */ = {
			isa = PBXGroup;
			children = (
				F7D4F3CD24D35A2800C4DF99 /* Contact.swift */,
			);
			path = Models;
			sourceTree = "<group>";
		};
/* End PBXGroup section */

/* Begin PBXNativeTarget section */
		F7D4F3A924D0788500C4DF99 /* myContacts */ = {
			isa = PBXNativeTarget;
			buildConfigurationList = F7D4F3BE24D0788700C4DF99 /* Build configuration list for PBXNativeTarget "myContacts" */;
			buildPhases = (
				497EC0ED02FDD5A683DDBBF1 /* [CP] Check Pods Manifest.lock */,
				F7D4F3A624D0788500C4DF99 /* Sources */,
				F7D4F3A724D0788500C4DF99 /* Frameworks */,
				F7D4F3A824D0788500C4DF99 /* Resources */,
			);
			buildRules = (
			);
			dependencies = (
			);
			name = myContacts;
			productName = "easy-delete";
			productReference = F7D4F3AA24D0788500C4DF99 /* myContacts.app */;
			productType = "com.apple.product-type.application";
		};
/* End PBXNativeTarget section */

/* Begin PBXProject section */
		F7D4F3A224D0788400C4DF99 /* Project object */ = {
			isa = PBXProject;
			attributes = {
				LastSwiftUpdateCheck = 1160;
				LastUpgradeCheck = 1160;
				ORGANIZATIONNAME = "Antares Software Group";
				TargetAttributes = {
					F7D4F3A924D0788500C4DF99 = {
						CreatedOnToolsVersion = 11.6;
					};
				};
			};
			buildConfigurationList = F7D4F3A524D0788500C4DF99 /* Build configuration list for PBXProject "myContacts" */;
			compatibilityVersion = "Xcode 9.3";
			developmentRegion = en;
			hasScannedForEncodings = 0;
			knownRegions = (
				en,
				Base,
			);
			mainGroup = F7D4F3A124D0788400C4DF99;
			productRefGroup = F7D4F3AB24D0788500C4DF99 /* Products */;
			projectDirPath = "";
			projectRoot = "";
			targets = (
				F7D4F3A924D0788500C4DF99 /* myContacts */,
			);
		};
/* End PBXProject section */

/* Begin PBXResourcesBuildPhase section */
		F7D4F3A824D0788500C4DF99 /* Resources */ = {
			isa = PBXResourcesBuildPhase;
			buildActionMask = 2147483647;
			files = (
				F7D4F3BA24D0788700C4DF99 /* LaunchScreen.storyboard in Resources */,
				F7D4F3B724D0788700C4DF99 /* Assets.xcassets in Resources */,
				F7D4F3B524D0788500C4DF99 /* Main.storyboard in Resources */,
			);
			runOnlyForDeploymentPostprocessing = 0;
		};
/* End PBXResourcesBuildPhase section */

/* Begin PBXShellScriptBuildPhase section */
		497EC0ED02FDD5A683DDBBF1 /* [CP] Check Pods Manifest.lock */ = {
			isa = PBXShellScriptBuildPhase;
			buildActionMask = 2147483647;
			files = (
			);
			inputFileListPaths = (
			);
			inputPaths = (
				"${PODS_PODFILE_DIR_PATH}/Podfile.lock",
				"${PODS_ROOT}/Manifest.lock",
			);
			name = "[CP] Check Pods Manifest.lock";
			outputFileListPaths = (
			);
			outputPaths = (
				"$(DERIVED_FILE_DIR)/Pods-myContacts-checkManifestLockResult.txt",
			);
			runOnlyForDeploymentPostprocessing = 0;
			shellPath = /bin/sh;
			shellScript = "diff \"${PODS_PODFILE_DIR_PATH}/Podfile.lock\" \"${PODS_ROOT}/Manifest.lock\" > /dev/null\nif [ $? != 0 ] ; then\n    # print error to STDERR\n    echo \"error: The sandbox is not in sync with the Podfile.lock. Run 'pod install' or update your CocoaPods installation.\" >&2\n    exit 1\nfi\n# This output is used by Xcode 'outputs' to avoid re-running this script phase.\necho \"SUCCESS\" > \"${SCRIPT_OUTPUT_FILE_0}\"\n";
			showEnvVarsInLog = 0;
		};
/* End PBXShellScriptBuildPhase section */

/* Begin PBXSourcesBuildPhase section */
		F7D4F3A624D0788500C4DF99 /* Sources */ = {
			isa = PBXSourcesBuildPhase;
			buildActionMask = 2147483647;
			files = (
				F7B6620024DC585B000C2EB8 /* ContactCell.swift in Sources */,
				F7D4F3B224D0788500C4DF99 /* ContactsViewController.swift in Sources */,
				F7D4F3CB24D358CE00C4DF99 /* BaseDataSource.swift in Sources */,
				F71CE4FA24D492C00054EC64 /* KeyboardLayoutConstraint.swift in Sources */,
				F7D4F3CE24D35A2800C4DF99 /* Contact.swift in Sources */,
				F7D4F3D224D35B9200C4DF99 /* UIApplication+TopViewController.swift in Sources */,
				F7D4F3AE24D0788500C4DF99 /* AppDelegate.swift in Sources */,
				F71CE4F624D491B40054EC64 /* ContactStoreManager.swift in Sources */,
				F7B661FD24DC521F000C2EB8 /* ContactsDataSource.swift in Sources */,
				F7D4F3D624D35D4100C4DF99 /* BaseViewController+TextFieldNavigation.swift in Sources */,
				F71CE4FC24D499590054EC64 /* ContactsViewController+SearchBarDelegate.swift in Sources */,
				F7D4F3B024D0788500C4DF99 /* SceneDelegate.swift in Sources */,
				F71CE4F924D492C00054EC64 /* Alert.swift in Sources */,
				F7D4F3D024D35AAB00C4DF99 /* BaseViewController.swift in Sources */,
				F759207824D623F600153395 /* DataBaseManager.swift in Sources */,
			);
			runOnlyForDeploymentPostprocessing = 0;
		};
/* End PBXSourcesBuildPhase section */

/* Begin PBXVariantGroup section */
		F7D4F3B324D0788500C4DF99 /* Main.storyboard */ = {
			isa = PBXVariantGroup;
			children = (
				F7D4F3B424D0788500C4DF99 /* Base */,
			);
			name = Main.storyboard;
			sourceTree = "<group>";
		};
		F7D4F3B824D0788700C4DF99 /* LaunchScreen.storyboard */ = {
			isa = PBXVariantGroup;
			children = (
				F7D4F3B924D0788700C4DF99 /* Base */,
			);
			name = LaunchScreen.storyboard;
			sourceTree = "<group>";
		};
/* End PBXVariantGroup section */

/* Begin XCBuildConfiguration section */
		F7D4F3BC24D0788700C4DF99 /* Debug */ = {
			isa = XCBuildConfiguration;
			buildSettings = {
				ALWAYS_SEARCH_USER_PATHS = NO;
				CLANG_ANALYZER_NONNULL = YES;
				CLANG_ANALYZER_NUMBER_OBJECT_CONVERSION = YES_AGGRESSIVE;
				CLANG_CXX_LANGUAGE_STANDARD = "gnu++14";
				CLANG_CXX_LIBRARY = "libc++";
				CLANG_ENABLE_MODULES = YES;
				CLANG_ENABLE_OBJC_ARC = YES;
				CLANG_ENABLE_OBJC_WEAK = YES;
				CLANG_WARN_BLOCK_CAPTURE_AUTORELEASING = YES;
				CLANG_WARN_BOOL_CONVERSION = YES;
				CLANG_WARN_COMMA = YES;
				CLANG_WARN_CONSTANT_CONVERSION = YES;
				CLANG_WARN_DEPRECATED_OBJC_IMPLEMENTATIONS = YES;
				CLANG_WARN_DIRECT_OBJC_ISA_USAGE = YES_ERROR;
				CLANG_WARN_DOCUMENTATION_COMMENTS = YES;
				CLANG_WARN_EMPTY_BODY = YES;
				CLANG_WARN_ENUM_CONVERSION = YES;
				CLANG_WARN_INFINITE_RECURSION = YES;
				CLANG_WARN_INT_CONVERSION = YES;
				CLANG_WARN_NON_LITERAL_NULL_CONVERSION = YES;
				CLANG_WARN_OBJC_IMPLICIT_RETAIN_SELF = YES;
				CLANG_WARN_OBJC_LITERAL_CONVERSION = YES;
				CLANG_WARN_OBJC_ROOT_CLASS = YES_ERROR;
				CLANG_WARN_RANGE_LOOP_ANALYSIS = YES;
				CLANG_WARN_STRICT_PROTOTYPES = YES;
				CLANG_WARN_SUSPICIOUS_MOVE = YES;
				CLANG_WARN_UNGUARDED_AVAILABILITY = YES_AGGRESSIVE;
				CLANG_WARN_UNREACHABLE_CODE = YES;
				CLANG_WARN__DUPLICATE_METHOD_MATCH = YES;
				COPY_PHASE_STRIP = NO;
				DEBUG_INFORMATION_FORMAT = dwarf;
				ENABLE_STRICT_OBJC_MSGSEND = YES;
				ENABLE_TESTABILITY = YES;
				GCC_C_LANGUAGE_STANDARD = gnu11;
				GCC_DYNAMIC_NO_PIC = NO;
				GCC_NO_COMMON_BLOCKS = YES;
				GCC_OPTIMIZATION_LEVEL = 0;
				GCC_PREPROCESSOR_DEFINITIONS = (
					"DEBUG=1",
					"$(inherited)",
				);
				GCC_WARN_64_TO_32_BIT_CONVERSION = YES;
				GCC_WARN_ABOUT_RETURN_TYPE = YES_ERROR;
				GCC_WARN_UNDECLARED_SELECTOR = YES;
				GCC_WARN_UNINITIALIZED_AUTOS = YES_AGGRESSIVE;
				GCC_WARN_UNUSED_FUNCTION = YES;
				GCC_WARN_UNUSED_VARIABLE = YES;
				IPHONEOS_DEPLOYMENT_TARGET = 13.6;
				MTL_ENABLE_DEBUG_INFO = INCLUDE_SOURCE;
				MTL_FAST_MATH = YES;
				ONLY_ACTIVE_ARCH = YES;
				OTHER_SWIFT_FLAGS = "";
				SDKROOT = iphoneos;
				SWIFT_ACTIVE_COMPILATION_CONDITIONS = DEBUG;
				SWIFT_OPTIMIZATION_LEVEL = "-Onone";
			};
			name = Debug;
		};
		F7D4F3BD24D0788700C4DF99 /* Release */ = {
			isa = XCBuildConfiguration;
			buildSettings = {
				ALWAYS_SEARCH_USER_PATHS = NO;
				CLANG_ANALYZER_NONNULL = YES;
				CLANG_ANALYZER_NUMBER_OBJECT_CONVERSION = YES_AGGRESSIVE;
				CLANG_CXX_LANGUAGE_STANDARD = "gnu++14";
				CLANG_CXX_LIBRARY = "libc++";
				CLANG_ENABLE_MODULES = YES;
				CLANG_ENABLE_OBJC_ARC = YES;
				CLANG_ENABLE_OBJC_WEAK = YES;
				CLANG_WARN_BLOCK_CAPTURE_AUTORELEASING = YES;
				CLANG_WARN_BOOL_CONVERSION = YES;
				CLANG_WARN_COMMA = YES;
				CLANG_WARN_CONSTANT_CONVERSION = YES;
				CLANG_WARN_DEPRECATED_OBJC_IMPLEMENTATIONS = YES;
				CLANG_WARN_DIRECT_OBJC_ISA_USAGE = YES_ERROR;
				CLANG_WARN_DOCUMENTATION_COMMENTS = YES;
				CLANG_WARN_EMPTY_BODY = YES;
				CLANG_WARN_ENUM_CONVERSION = YES;
				CLANG_WARN_INFINITE_RECURSION = YES;
				CLANG_WARN_INT_CONVERSION = YES;
				CLANG_WARN_NON_LITERAL_NULL_CONVERSION = YES;
				CLANG_WARN_OBJC_IMPLICIT_RETAIN_SELF = YES;
				CLANG_WARN_OBJC_LITERAL_CONVERSION = YES;
				CLANG_WARN_OBJC_ROOT_CLASS = YES_ERROR;
				CLANG_WARN_RANGE_LOOP_ANALYSIS = YES;
				CLANG_WARN_STRICT_PROTOTYPES = YES;
				CLANG_WARN_SUSPICIOUS_MOVE = YES;
				CLANG_WARN_UNGUARDED_AVAILABILITY = YES_AGGRESSIVE;
				CLANG_WARN_UNREACHABLE_CODE = YES;
				CLANG_WARN__DUPLICATE_METHOD_MATCH = YES;
				COPY_PHASE_STRIP = NO;
				DEBUG_INFORMATION_FORMAT = "dwarf-with-dsym";
				ENABLE_NS_ASSERTIONS = NO;
				ENABLE_STRICT_OBJC_MSGSEND = YES;
				GCC_C_LANGUAGE_STANDARD = gnu11;
				GCC_NO_COMMON_BLOCKS = YES;
				GCC_WARN_64_TO_32_BIT_CONVERSION = YES;
				GCC_WARN_ABOUT_RETURN_TYPE = YES_ERROR;
				GCC_WARN_UNDECLARED_SELECTOR = YES;
				GCC_WARN_UNINITIALIZED_AUTOS = YES_AGGRESSIVE;
				GCC_WARN_UNUSED_FUNCTION = YES;
				GCC_WARN_UNUSED_VARIABLE = YES;
				IPHONEOS_DEPLOYMENT_TARGET = 13.6;
				MTL_ENABLE_DEBUG_INFO = NO;
				MTL_FAST_MATH = YES;
				SDKROOT = iphoneos;
				SWIFT_COMPILATION_MODE = wholemodule;
				SWIFT_OPTIMIZATION_LEVEL = "-O";
				VALIDATE_PRODUCT = YES;
			};
			name = Release;
		};
		F7D4F3BF24D0788700C4DF99 /* Debug */ = {
			isa = XCBuildConfiguration;
			baseConfigurationReference = E176D9CB001DD61C502C94B4 /* Pods-myContacts.debug.xcconfig */;
			buildSettings = {
				ASSETCATALOG_COMPILER_APPICON_NAME = AppIcon;
				CODE_SIGN_STYLE = Automatic;
				DEVELOPMENT_TEAM = 4YGCNXXR2R;
				GCC_PREFIX_HEADER = "${TARGET_NAME}";
				GCC_SYMBOLS_PRIVATE_EXTERN = YES;
				INFOPLIST_FILE = myContacts/Info.plist;
				LD_RUNPATH_SEARCH_PATHS = (
					"$(inherited)",
					"@executable_path/Frameworks",
				);
				PRODUCT_BUNDLE_IDENTIFIER = com.mwmv.myContacts;
				PRODUCT_NAME = "$(TARGET_NAME)";
				SWIFT_VERSION = 5.0;
				TARGETED_DEVICE_FAMILY = "1,2";
			};
			name = Debug;
		};
		F7D4F3C024D0788700C4DF99 /* Release */ = {
			isa = XCBuildConfiguration;
			baseConfigurationReference = 1459ADFD867B57FF1C45810D /* Pods-myContacts.release.xcconfig */;
			buildSettings = {
				ASSETCATALOG_COMPILER_APPICON_NAME = AppIcon;
				CODE_SIGN_STYLE = Automatic;
				DEVELOPMENT_TEAM = 4YGCNXXR2R;
				GCC_PREFIX_HEADER = "${TARGET_NAME}";
				GCC_SYMBOLS_PRIVATE_EXTERN = YES;
				INFOPLIST_FILE = myContacts/Info.plist;
				LD_RUNPATH_SEARCH_PATHS = (
					"$(inherited)",
					"@executable_path/Frameworks",
				);
				PRODUCT_BUNDLE_IDENTIFIER = com.mwmv.myContacts;
				PRODUCT_NAME = "$(TARGET_NAME)";
				SWIFT_VERSION = 5.0;
				TARGETED_DEVICE_FAMILY = "1,2";
			};
			name = Release;
		};
/* End XCBuildConfiguration section */

/* Begin XCConfigurationList section */
		F7D4F3A524D0788500C4DF99 /* Build configuration list for PBXProject "myContacts" */ = {
			isa = XCConfigurationList;
			buildConfigurations = (
				F7D4F3BC24D0788700C4DF99 /* Debug */,
				F7D4F3BD24D0788700C4DF99 /* Release */,
			);
			defaultConfigurationIsVisible = 0;
			defaultConfigurationName = Release;
		};
		F7D4F3BE24D0788700C4DF99 /* Build configuration list for PBXNativeTarget "myContacts" */ = {
			isa = XCConfigurationList;
			buildConfigurations = (
				F7D4F3BF24D0788700C4DF99 /* Debug */,
				F7D4F3C024D0788700C4DF99 /* Release */,
			);
			defaultConfigurationIsVisible = 0;
			defaultConfigurationName = Release;
		};
/* End XCConfigurationList section */
	};
	rootObject = F7D4F3A224D0788400C4DF99 /* Project object */;
}
